{
  "object": {
    "pins": [
      {
        "package": "swift-nio",
        "repositoryURL": "https://github.com/apple/swift-nio",
        "state": {
          "branch": null,
          "revision": "124119f0bb12384cef35aa041d7c3a686108722d",
          "version": "2.40.0"
        }
      },
      {
        "package": "swift-nio-extras",
        "repositoryURL": "https://github.com/apple/swift-nio-extras",
        "state": {
          "branch": null,
          "revision": "a75e92bde3683241c15df3dd905b7a6dcac4d551",
          "version": "1.12.1"
        }
      }
    ]
  },
  "version": 1
}
